// !$*UTF8*$!
{
	archiveVersion = 1;
	classes = {
	};
	objectVersion = 46;
	objects = {

/* Begin PBXBuildFile section */
		3DDDF1651B27F6F900A0E245 /* AppDelegate.swift in Sources */ = {isa = PBXBuildFile; fileRef = 3DDDF1641B27F6F900A0E245 /* AppDelegate.swift */; };
		3DDDF1671B27F6F900A0E245 /* ViewController.swift in Sources */ = {isa = PBXBuildFile; fileRef = 3DDDF1661B27F6F900A0E245 /* ViewController.swift */; };
		3DDDF1691B27F6F900A0E245 /* Images.xcassets in Resources */ = {isa = PBXBuildFile; fileRef = 3DDDF1681B27F6F900A0E245 /* Images.xcassets */; };
		3DDDF16C1B27F6F900A0E245 /* Main.storyboard in Resources */ = {isa = PBXBuildFile; fileRef = 3DDDF16A1B27F6F900A0E245 /* Main.storyboard */; };
		3DDDF1781B27F6F900A0E245 /* webframerTests.swift in Sources */ = {isa = PBXBuildFile; fileRef = 3DDDF1771B27F6F900A0E245 /* webframerTests.swift */; };
/* End PBXBuildFile section */

/* Begin PBXContainerItemProxy section */
		3DDDF1721B27F6F900A0E245 /* PBXContainerItemProxy */ = {
			isa = PBXContainerItemProxy;
			containerPortal = 3DDDF1571B27F6F900A0E245 /* Project object */;
			proxyType = 1;
			remoteGlobalIDString = 3DDDF15E1B27F6F900A0E245;
			remoteInfo = webframer;
		};
/* End PBXContainerItemProxy section */

/* Begin PBXFileReference section */
		3DDDF15F1B27F6F900A0E245 /* webframer.app */ = {isa = PBXFileReference; explicitFileType = wrapper.application; includeInIndex = 0; path = webframer.app; sourceTree = BUILT_PRODUCTS_DIR; };
		3DDDF1631B27F6F900A0E245 /* Info.plist */ = {isa = PBXFileReference; lastKnownFileType = text.plist.xml; path = Info.plist; sourceTree = "<group>"; };
		3DDDF1641B27F6F900A0E245 /* AppDelegate.swift */ = {isa = PBXFileReference; lastKnownFileType = sourcecode.swift; path = AppDelegate.swift; sourceTree = "<group>"; };
		3DDDF1661B27F6F900A0E245 /* ViewController.swift */ = {isa = PBXFileReference; lastKnownFileType = sourcecode.swift; path = ViewController.swift; sourceTree = "<group>"; };
		3DDDF1681B27F6F900A0E245 /* Images.xcassets */ = {isa = PBXFileReference; lastKnownFileType = folder.assetcatalog; path = Images.xcassets; sourceTree = "<group>"; };
		3DDDF16B1B27F6F900A0E245 /* Base */ = {isa = PBXFileReference; lastKnownFileType = file.storyboard; name = Base; path = Base.lproj/Main.storyboard; sourceTree = "<group>"; };
		3DDDF1711B27F6F900A0E245 /* webframerTests.xctest */ = {isa = PBXFileReference; explicitFileType = wrapper.cfbundle; includeInIndex = 0; path = webframerTests.xctest; sourceTree = BUILT_PRODUCTS_DIR; };
		3DDDF1761B27F6F900A0E245 /* Info.plist */ = {isa = PBXFileReference; lastKnownFileType = text.plist.xml; path = Info.plist; sourceTree = "<group>"; };
		3DDDF1771B27F6F900A0E245 /* webframerTests.swift */ = {isa = PBXFileReference; lastKnownFileType = sourcecode.swift; path = webframerTests.swift; sourceTree = "<group>"; };
/* End PBXFileReference section */

/* Begin PBXFrameworksBuildPhase section */
		3DDDF15C1B27F6F900A0E245 /* Frameworks */ = {
			isa = PBXFrameworksBuildPhase;
			buildActionMask = 2147483647;
			files = (
			);
			runOnlyForDeploymentPostprocessing = 0;
		};
		3DDDF16E1B27F6F900A0E245 /* Frameworks */ = {
			isa = PBXFrameworksBuildPhase;
			buildActionMask = 2147483647;
			files = (
			);
			runOnlyForDeploymentPostprocessing = 0;
		};
/* End PBXFrameworksBuildPhase section */

/* Begin PBXGroup section */
		3DDDF1561B27F6F900A0E245 = {
			isa = PBXGroup;
			children = (
				3DDDF1611B27F6F900A0E245 /* webframer */,
				3DDDF1741B27F6F900A0E245 /* webframerTests */,
				3DDDF1601B27F6F900A0E245 /* Products */,
			);
			sourceTree = "<group>";
		};
		3DDDF1601B27F6F900A0E245 /* Products */ = {
			isa = PBXGroup;
			children = (
				3DDDF15F1B27F6F900A0E245 /* webframer.app */,
				3DDDF1711B27F6F900A0E245 /* webframerTests.xctest */,
			);
			name = Products;
			sourceTree = "<group>";
		};
		3DDDF1611B27F6F900A0E245 /* webframer */ = {
			isa = PBXGroup;
			children = (
				3DDDF1641B27F6F900A0E245 /* AppDelegate.swift */,
				3DDDF1661B27F6F900A0E245 /* ViewController.swift */,
				3DDDF1681B27F6F900A0E245 /* Images.xcassets */,
				3DDDF16A1B27F6F900A0E245 /* Main.storyboard */,
				3DDDF1621B27F6F900A0E245 /* Supporting Files */,
			);
			path = webframer;
			sourceTree = "<group>";
		};
		3DDDF1621B27F6F900A0E245 /* Supporting Files */ = {
			isa = PBXGroup;
			children = (
				3DDDF1631B27F6F900A0E245 /* Info.plist */,
			);
			name = "Supporting Files";
			sourceTree = "<group>";
		};
		3DDDF1741B27F6F900A0E245 /* webframerTests */ = {
			isa = PBXGroup;
			children = (
				3DDDF1771B27F6F900A0E245 /* webframerTests.swift */,
				3DDDF1751B27F6F900A0E245 /* Supporting Files */,
			);
			path = webframerTests;
			sourceTree = "<group>";
		};
		3DDDF1751B27F6F900A0E245 /* Supporting Files */ = {
			isa = PBXGroup;
			children = (
				3DDDF1761B27F6F900A0E245 /* Info.plist */,
			);
			name = "Supporting Files";
			sourceTree = "<group>";
		};
/* End PBXGroup section */

/* Begin PBXNativeTarget section */
		3DDDF15E1B27F6F900A0E245 /* webframer */ = {
			isa = PBXNativeTarget;
			buildConfigurationList = 3DDDF17B1B27F6F900A0E245 /* Build configuration list for PBXNativeTarget "webframer" */;
			buildPhases = (
				3DDDF15B1B27F6F900A0E245 /* Sources */,
				3DDDF15C1B27F6F900A0E245 /* Frameworks */,
				3DDDF15D1B27F6F900A0E245 /* Resources */,
			);
			buildRules = (
			);
			dependencies = (
			);
			name = webframer;
			productName = webframer;
			productReference = 3DDDF15F1B27F6F900A0E245 /* webframer.app */;
			productType = "com.apple.product-type.application";
		};
		3DDDF1701B27F6F900A0E245 /* webframerTests */ = {
			isa = PBXNativeTarget;
			buildConfigurationList = 3DDDF17E1B27F6F900A0E245 /* Build configuration list for PBXNativeTarget "webframerTests" */;
			buildPhases = (
				3DDDF16D1B27F6F900A0E245 /* Sources */,
				3DDDF16E1B27F6F900A0E245 /* Frameworks */,
				3DDDF16F1B27F6F900A0E245 /* Resources */,
			);
			buildRules = (
			);
			dependencies = (
				3DDDF1731B27F6F900A0E245 /* PBXTargetDependency */,
			);
			name = webframerTests;
			productName = webframerTests;
			productReference = 3DDDF1711B27F6F900A0E245 /* webframerTests.xctest */;
			productType = "com.apple.product-type.bundle.unit-test";
		};
/* End PBXNativeTarget section */

/* Begin PBXProject section */
		3DDDF1571B27F6F900A0E245 /* Project object */ = {
			isa = PBXProject;
			attributes = {
				LastUpgradeCheck = 0630;
				ORGANIZATIONNAME = "Price, Joseph";
				TargetAttributes = {
					3DDDF15E1B27F6F900A0E245 = {
						CreatedOnToolsVersion = 6.3.2;
					};
					3DDDF1701B27F6F900A0E245 = {
						CreatedOnToolsVersion = 6.3.2;
						TestTargetID = 3DDDF15E1B27F6F900A0E245;
					};
				};
			};
			buildConfigurationList = 3DDDF15A1B27F6F900A0E245 /* Build configuration list for PBXProject "webframer" */;
			compatibilityVersion = "Xcode 3.2";
			developmentRegion = English;
			hasScannedForEncodings = 0;
			knownRegions = (
				en,
				Base,
			);
			mainGroup = 3DDDF1561B27F6F900A0E245;
			productRefGroup = 3DDDF1601B27F6F900A0E245 /* Products */;
			projectDirPath = "";
			projectRoot = "";
			targets = (
				3DDDF15E1B27F6F900A0E245 /* webframer */,
				3DDDF1701B27F6F900A0E245 /* webframerTests */,
			);
		};
/* End PBXProject section */

/* Begin PBXResourcesBuildPhase section */
		3DDDF15D1B27F6F900A0E245 /* Resources */ = {
			isa = PBXResourcesBuildPhase;
			buildActionMask = 2147483647;
			files = (
				3DDDF1691B27F6F900A0E245 /* Images.xcassets in Resources */,
				3DDDF16C1B27F6F900A0E245 /* Main.storyboard in Resources */,
			);
			runOnlyForDeploymentPostprocessing = 0;
		};
		3DDDF16F1B27F6F900A0E245 /* Resources */ = {
			isa = PBXResourcesBuildPhase;
			buildActionMask = 2147483647;
			files = (
			);
			runOnlyForDeploymentPostprocessing = 0;
		};
/* End PBXResourcesBuildPhase section */

/* Begin PBXSourcesBuildPhase section */
		3DDDF15B1B27F6F900A0E245 /* Sources */ = {
			isa = PBXSourcesBuildPhase;
			buildActionMask = 2147483647;
			files = (
				3DDDF1671B27F6F900A0E245 /* ViewController.swift in Sources */,
				3DDDF1651B27F6F900A0E245 /* AppDelegate.swift in Sources */,
			);
			runOnlyForDeploymentPostprocessing = 0;
		};
		3DDDF16D1B27F6F900A0E245 /* Sources */ = {
			isa = PBXSourcesBuildPhase;
			buildActionMask = 2147483647;
			files = (
				3DDDF1781B27F6F900A0E245 /* webframerTests.swift in Sources */,
			);
			runOnlyForDeploymentPostprocessing = 0;
		};
/* End PBXSourcesBuildPhase section */

/* Begin PBXTargetDependency section */
		3DDDF1731B27F6F900A0E245 /* PBXTargetDependency */ = {
			isa = PBXTargetDependency;
			target = 3DDDF15E1B27F6F900A0E245 /* webframer */;
			targetProxy = 3DDDF1721B27F6F900A0E245 /* PBXContainerItemProxy */;
		};
/* End PBXTargetDependency section */

/* Begin PBXVariantGroup section */
		3DDDF16A1B27F6F900A0E245 /* Main.storyboard */ = {
			isa = PBXVariantGroup;
			children = (
				3DDDF16B1B27F6F900A0E245 /* Base */,
			);
			name = Main.storyboard;
			sourceTree = "<group>";
		};
/* End PBXVariantGroup section */

/* Begin XCBuildConfiguration section */
		3DDDF1791B27F6F900A0E245 /* Debug */ = {
			isa = XCBuildConfiguration;
			buildSettings = {
				ALWAYS_SEARCH_USER_PATHS = NO;
				CLANG_CXX_LANGUAGE_STANDARD = "gnu++0x";
				CLANG_CXX_LIBRARY = "libc++";
				CLANG_ENABLE_MODULES = YES;
				CLANG_ENABLE_OBJC_ARC = YES;
				CLANG_WARN_BOOL_CONVERSION = YES;
				CLANG_WARN_CONSTANT_CONVERSION = YES;
				CLANG_WARN_DIRECT_OBJC_ISA_USAGE = YES_ERROR;
				CLANG_WARN_EMPTY_BODY = YES;
				CLANG_WARN_ENUM_CONVERSION = YES;
				CLANG_WARN_INT_CONVERSION = YES;
				CLANG_WARN_OBJC_ROOT_CLASS = YES_ERROR;
				CLANG_WARN_UNREACHABLE_CODE = YES;
				CLANG_WARN__DUPLICATE_METHOD_MATCH = YES;
				CODE_SIGN_IDENTITY = "-";
				COPY_PHASE_STRIP = NO;
				DEBUG_INFORMATION_FORMAT = dwarf;
				ENABLE_STRICT_OBJC_MSGSEND = YES;
				GCC_C_LANGUAGE_STANDARD = gnu99;
				GCC_DYNAMIC_NO_PIC = NO;
				GCC_NO_COMMON_BLOCKS = YES;
				GCC_OPTIMIZATION_LEVEL = 0;
				GCC_PREPROCESSOR_DEFINITIONS = (
					"DEBUG=1",
					"$(inherited)",
				);
				GCC_SYMBOLS_PRIVATE_EXTERN = NO;
				GCC_WARN_64_TO_32_BIT_CONVERSION = YES;
				GCC_WARN_ABOUT_RETURN_TYPE = YES_ERROR;
				GCC_WARN_UNDECLARED_SELECTOR = YES;
				GCC_WARN_UNINITIALIZED_AUTOS = YES_AGGRESSIVE;
				GCC_WARN_UNUSED_FUNCTION = YES;
				GCC_WARN_UNUSED_VARIABLE = YES;
				MACOSX_DEPLOYMENT_TARGET = 10.10;
				MTL_ENABLE_DEBUG_INFO = YES;
				ONLY_ACTIVE_ARCH = YES;
				SDKROOT = macosx;
				SWIFT_OPTIMIZATION_LEVEL = "-Onone";
			};
			name = Debug;
		};
		3DDDF17A1B27F6F900A0E245 /* Release */ = {
			isa = XCBuildConfiguration;
			buildSettings = {
				ALWAYS_SEARCH_USER_PATHS = NO;
				CLANG_CXX_LANGUAGE_STANDARD = "gnu++0x";
				CLANG_CXX_LIBRARY = "libc++";
				CLANG_ENABLE_MODULES = YES;
				CLANG_ENABLE_OBJC_ARC = YES;
				CLANG_WARN_BOOL_CONVERSION = YES;
				CLANG_WARN_CONSTANT_CONVERSION = YES;
				CLANG_WARN_DIRECT_OBJC_ISA_USAGE = YES_ERROR;
				CLANG_WARN_EMPTY_BODY = YES;
				CLANG_WARN_ENUM_CONVERSION = YES;
				CLANG_WARN_INT_CONVERSION = YES;
				CLANG_WARN_OBJC_ROOT_CLASS = YES_ERROR;
				CLANG_WARN_UNREACHABLE_CODE = YES;
				CLANG_WARN__DUPLICATE_METHOD_MATCH = YES;
				CODE_SIGN_IDENTITY = "-";
				COPY_PHASE_STRIP = NO;
				DEBUG_INFORMATION_FORMAT = "dwarf-with-dsym";
				ENABLE_NS_ASSERTIONS = NO;
				ENABLE_STRICT_OBJC_MSGSEND = YES;
				GCC_C_LANGUAGE_STANDARD = gnu99;
				GCC_NO_COMMON_BLOCKS = YES;
				GCC_WARN_64_TO_32_BIT_CONVERSION = YES;
				GCC_WARN_ABOUT_RETURN_TYPE = YES_ERROR;
				GCC_WARN_UNDECLARED_SELECTOR = YES;
				GCC_WARN_UNINITIALIZED_AUTOS = YES_AGGRESSIVE;
				GCC_WARN_UNUSED_FUNCTION = YES;
				GCC_WARN_UNUSED_VARIABLE = YES;
				MACOSX_DEPLOYMENT_TARGET = 10.10;
				MTL_ENABLE_DEBUG_INFO = NO;
				SDKROOT = macosx;
			};
			name = Release;
		};
		3DDDF17C1B27F6F900A0E245 /* Debug */ = {
			isa = XCBuildConfiguration;
			buildSettings = {
				ASSETCATALOG_COMPILER_APPICON_NAME = AppIcon;
				COMBINE_HIDPI_IMAGES = YES;
				INFOPLIST_FILE = webframer/Info.plist;
				LD_RUNPATH_SEARCH_PATHS = "$(inherited) @executable_path/../Frameworks";
				PRODUCT_NAME = "$(TARGET_NAME)";
			};
			name = Debug;
		};
		3DDDF17D1B27F6F900A0E245 /* Release */ = {
			isa = XCBuildConfiguration;
			buildSettings = {
				ASSETCATALOG_COMPILER_APPICON_NAME = AppIcon;
				COMBINE_HIDPI_IMAGES = YES;
				INFOPLIST_FILE = webframer/Info.plist;
				LD_RUNPATH_SEARCH_PATHS = "$(inherited) @executable_path/../Frameworks";
				PRODUCT_NAME = "$(TARGET_NAME)";
			};
			name = Release;
		};
		3DDDF17F1B27F6F900A0E245 /* Debug */ = {
			isa = XCBuildConfiguration;
			buildSettings = {
				BUNDLE_LOADER = "$(TEST_HOST)";
				COMBINE_HIDPI_IMAGES = YES;
				FRAMEWORK_SEARCH_PATHS = (
					"$(DEVELOPER_FRAMEWORKS_DIR)",
					"$(inherited)",
				);
				GCC_PREPROCESSOR_DEFINITIONS = (
					"DEBUG=1",
					"$(inherited)",
				);
				INFOPLIST_FILE = webframerTests/Info.plist;
				LD_RUNPATH_SEARCH_PATHS = "$(inherited) @executable_path/../Frameworks @loader_path/../Frameworks";
				PRODUCT_NAME = "$(TARGET_NAME)";
				TEST_HOST = "$(BUILT_PRODUCTS_DIR)/webframer.app/Contents/MacOS/webframer";
			};
			name = Debug;
		};
		3DDDF1801B27F6F900A0E245 /* Release */ = {
			isa = XCBuildConfiguration;
			buildSettings = {
				BUNDLE_LOADER = "$(TEST_HOST)";
				COMBINE_HIDPI_IMAGES = YES;
				FRAMEWORK_SEARCH_PATHS = (
					"$(DEVELOPER_FRAMEWORKS_DIR)",
					"$(inherited)",
				);
				INFOPLIST_FILE = webframerTests/Info.plist;
				LD_RUNPATH_SEARCH_PATHS = "$(inherited) @executable_path/../Frameworks @loader_path/../Frameworks";
				PRODUCT_NAME = "$(TARGET_NAME)";
				TEST_HOST = "$(BUILT_PRODUCTS_DIR)/webframer.app/Contents/MacOS/webframer";
			};
			name = Release;
		};
/* End XCBuildConfiguration section */

/* Begin XCConfigurationList section */
		3DDDF15A1B27F6F900A0E245 /* Build configuration list for PBXProject "webframer" */ = {
			isa = XCConfigurationList;
			buildConfigurations = (
				3DDDF1791B27F6F900A0E245 /* Debug */,
				3DDDF17A1B27F6F900A0E245 /* Release */,
			);
			defaultConfigurationIsVisible = 0;
			defaultConfigurationName = Release;
		};
		3DDDF17B1B27F6F900A0E245 /* Build configuration list for PBXNativeTarget "webframer" */ = {
			isa = XCConfigurationList;
			buildConfigurations = (
				3DDDF17C1B27F6F900A0E245 /* Debug */,
				3DDDF17D1B27F6F900A0E245 /* Release */,
			);
			defaultConfigurationIsVisible = 0;
		};
		3DDDF17E1B27F6F900A0E245 /* Build configuration list for PBXNativeTarget "webframerTests" */ = {
			isa = XCConfigurationList;
			buildConfigurations = (
				3DDDF17F1B27F6F900A0E245 /* Debug */,
				3DDDF1801B27F6F900A0E245 /* Release */,
			);
			defaultConfigurationIsVisible = 0;
		};
/* End XCConfigurationList section */
	};
	rootObject = 3DDDF1571B27F6F900A0E245 /* Project object */;
}
